
Microsoft Visual Studio Solution File, Format Version 12.00
# Visual Studio Version 17
VisualStudioVersion = 17.14.36121.58
MinimumVisualStudioVersion = 10.0.40219.1
Project("{2150E333-8FDC-42A3-9474-1A3956D46DE8}") = "Domain", "Domain", "{02EA681E-C7D8-13C7-8484-4AC65E1B71E8}"
EndProject
Project("{FAE04EC0-301F-11D3-BF4B-00C04F79EFBC}") = "SIGEBI.Domain", "SIGEBI.Domain\SIGEBI.Domain.csproj", "{5F35F9AA-BF35-4E0A-97B1-D80CA0C9B476}"
EndProject
Project("{2150E333-8FDC-42A3-9474-1A3956D46DE8}") = "Application", "Application", "{4C565771-B7A0-42BD-B891-A3124B659F4F}"
EndProject
Project("{FAE04EC0-301F-11D3-BF4B-00C04F79EFBC}") = "SIGEBI.Application", "SIGEBI.Application\SIGEBI.Application.csproj", "{B99A404B-1731-44F3-B3DA-A31A247CD907}"
EndProject
Project("{2150E333-8FDC-42A3-9474-1A3956D46DE8}") = "Infrastructure", "Infrastructure", "{ABB67FF9-793A-4A1D-BE46-E902A333B876}"
EndProject
Project("{FAE04EC0-301F-11D3-BF4B-00C04F79EFBC}") = "SIGEBI.Infrastructure", "SIGEBI.Infrastructure\SIGEBI.Infrastructure.csproj", "{BAA2B48F-AB80-4FD6-8F95-28D7C970DA5B}"
EndProject
Project("{2150E333-8FDC-42A3-9474-1A3956D46DE8}") = "Contracts", "Contracts", "{EB88750B-098C-4143-9970-32C3BE6B1F37}"
EndProject
Project("{FAE04EC0-301F-11D3-BF4B-00C04F79EFBC}") = "SIGEBI.Contracts", "SIGEBI.Contracts\SIGEBI.Contracts.csproj", "{58ED6F01-5052-4CA2-96CA-B3EFC4919B6A}"
EndProject
Project("{2150E333-8FDC-42A3-9474-1A3956D46DE8}") = "Api", "Api", "{102B4C74-FDCE-4174-B364-B5F718A75120}"
EndProject
Project("{FAE04EC0-301F-11D3-BF4B-00C04F79EFBC}") = "SIGEBI.Api", "SIGEBI.Api\SIGEBI.Api.csproj", "{E993E30B-8EC0-4B96-931E-8CCA1889D1E9}"
EndProject
Project("{2150E333-8FDC-42A3-9474-1A3956D46DE8}") = "SIGEBI.Web", "SIGEBI.Web", "{73F82442-1B3A-42E2-BF46-7724BFD0598D}"
EndProject
Project("{FAE04EC0-301F-11D3-BF4B-00C04F79EFBC}") = "SIGEBI.Web", "SIGEBI.Web\SIGEBI.Web.csproj", "{765904C3-7245-4F86-948D-F598AFAEDDE9}"
EndProject
Project("{2150E333-8FDC-42A3-9474-1A3956D46DE8}") = "SIGEBI.Desktop", "SIGEBI.Desktop", "{FC69E34C-6F86-412C-A69E-BEE1CEE3804D}"
EndProject
Project("{FAE04EC0-301F-11D3-BF4B-00C04F79EFBC}") = "SIGEBI.Desktop", "SIGEBI.Desktop\SIGEBI.Desktop.csproj", "{338E9068-0CDA-4D62-B777-76EFA462A419}"
EndProject
Global
	GlobalSection(SolutionConfigurationPlatforms) = preSolution
		Debug|Any CPU = Debug|Any CPU
		Release|Any CPU = Release|Any CPU
	EndGlobalSection
	GlobalSection(ProjectConfigurationPlatforms) = postSolution
		{5F35F9AA-BF35-4E0A-97B1-D80CA0C9B476}.Debug|Any CPU.ActiveCfg = Debug|Any CPU
		{5F35F9AA-BF35-4E0A-97B1-D80CA0C9B476}.Debug|Any CPU.Build.0 = Debug|Any CPU
		{5F35F9AA-BF35-4E0A-97B1-D80CA0C9B476}.Release|Any CPU.ActiveCfg = Release|Any CPU
		{5F35F9AA-BF35-4E0A-97B1-D80CA0C9B476}.Release|Any CPU.Build.0 = Release|Any CPU
		{B99A404B-1731-44F3-B3DA-A31A247CD907}.Debug|Any CPU.ActiveCfg = Debug|Any CPU
		{B99A404B-1731-44F3-B3DA-A31A247CD907}.Debug|Any CPU.Build.0 = Debug|Any CPU
		{B99A404B-1731-44F3-B3DA-A31A247CD907}.Release|Any CPU.ActiveCfg = Release|Any CPU
		{B99A404B-1731-44F3-B3DA-A31A247CD907}.Release|Any CPU.Build.0 = Release|Any CPU
		{BAA2B48F-AB80-4FD6-8F95-28D7C970DA5B}.Debug|Any CPU.ActiveCfg = Debug|Any CPU
		{BAA2B48F-AB80-4FD6-8F95-28D7C970DA5B}.Debug|Any CPU.Build.0 = Debug|Any CPU
		{BAA2B48F-AB80-4FD6-8F95-28D7C970DA5B}.Release|Any CPU.ActiveCfg = Release|Any CPU
		{BAA2B48F-AB80-4FD6-8F95-28D7C970DA5B}.Release|Any CPU.Build.0 = Release|Any CPU
		{58ED6F01-5052-4CA2-96CA-B3EFC4919B6A}.Debug|Any CPU.ActiveCfg = Debug|Any CPU
		{58ED6F01-5052-4CA2-96CA-B3EFC4919B6A}.Debug|Any CPU.Build.0 = Debug|Any CPU
		{58ED6F01-5052-4CA2-96CA-B3EFC4919B6A}.Release|Any CPU.ActiveCfg = Release|Any CPU
		{58ED6F01-5052-4CA2-96CA-B3EFC4919B6A}.Release|Any CPU.Build.0 = Release|Any CPU
		{E993E30B-8EC0-4B96-931E-8CCA1889D1E9}.Debug|Any CPU.ActiveCfg = Debug|Any CPU
		{E993E30B-8EC0-4B96-931E-8CCA1889D1E9}.Debug|Any CPU.Build.0 = Debug|Any CPU
		{E993E30B-8EC0-4B96-931E-8CCA1889D1E9}.Release|Any CPU.ActiveCfg = Release|Any CPU
		{E993E30B-8EC0-4B96-931E-8CCA1889D1E9}.Release|Any CPU.Build.0 = Release|Any CPU
		{765904C3-7245-4F86-948D-F598AFAEDDE9}.Debug|Any CPU.ActiveCfg = Debug|Any CPU
		{765904C3-7245-4F86-948D-F598AFAEDDE9}.Debug|Any CPU.Build.0 = Debug|Any CPU
		{765904C3-7245-4F86-948D-F598AFAEDDE9}.Release|Any CPU.ActiveCfg = Release|Any CPU
		{765904C3-7245-4F86-948D-F598AFAEDDE9}.Release|Any CPU.Build.0 = Release|Any CPU
		{338E9068-0CDA-4D62-B777-76EFA462A419}.Debug|Any CPU.ActiveCfg = Debug|Any CPU
		{338E9068-0CDA-4D62-B777-76EFA462A419}.Debug|Any CPU.Build.0 = Debug|Any CPU
		{338E9068-0CDA-4D62-B777-76EFA462A419}.Release|Any CPU.ActiveCfg = Release|Any CPU
		{338E9068-0CDA-4D62-B777-76EFA462A419}.Release|Any CPU.Build.0 = Release|Any CPU
	EndGlobalSection
	GlobalSection(SolutionProperties) = preSolution
		HideSolutionNode = FALSE
	EndGlobalSection
	GlobalSection(NestedProjects) = preSolution
		{5F35F9AA-BF35-4E0A-97B1-D80CA0C9B476} = {02EA681E-C7D8-13C7-8484-4AC65E1B71E8}
		{B99A404B-1731-44F3-B3DA-A31A247CD907} = {4C565771-B7A0-42BD-B891-A3124B659F4F}
		{BAA2B48F-AB80-4FD6-8F95-28D7C970DA5B} = {ABB67FF9-793A-4A1D-BE46-E902A333B876}
		{58ED6F01-5052-4CA2-96CA-B3EFC4919B6A} = {EB88750B-098C-4143-9970-32C3BE6B1F37}
		{E993E30B-8EC0-4B96-931E-8CCA1889D1E9} = {102B4C74-FDCE-4174-B364-B5F718A75120}
		{765904C3-7245-4F86-948D-F598AFAEDDE9} = {73F82442-1B3A-42E2-BF46-7724BFD0598D}
		{338E9068-0CDA-4D62-B777-76EFA462A419} = {FC69E34C-6F86-412C-A69E-BEE1CEE3804D}
	EndGlobalSection
	GlobalSection(ExtensibilityGlobals) = postSolution
		SolutionGuid = {C7200C45-582B-4E72-9823-6E3C86E7BF0A}
	EndGlobalSection
EndGlobal
